{
  "nodes": {
    "home-manager": {
      "inputs": {
        "nixpkgs": [
          "nixpkgs"
        ]
      },
      "locked": {
        "lastModified": 1714203603,
        "narHash": "sha256-eT7DENhYy7EPLOqHI9zkIMD9RvMCXcqh6gGqOK5BWYQ=",
        "owner": "nix-community",
        "repo": "home-manager",
        "rev": "c1609d584a6b5e9e6a02010f51bd368cb4782f8e",
        "type": "github"
      },
      "original": {
        "owner": "nix-community",
        "repo": "home-manager",
        "type": "github"
      }
    },
    "nixpkgs": {
      "locked": {
        "lastModified": 1714213793,
        "narHash": "sha256-Yg5D5LhyAZvd3DZrQQfJAVK8K3TkUYKooFtH1ulM0mw=",
        "owner": "NixOS",
        "repo": "nixpkgs",
        "rev": "d6f6eb2a984f2ba9a366c31e4d36d65465683450",
        "type": "github"
      },
      "original": {
        "owner": "NixOS",
        "ref": "nixpkgs-unstable",
        "repo": "nixpkgs",
        "type": "github"
      }
    },
    "root": {
      "inputs": {
        "home-manager": "home-manager",
        "nixpkgs": "nixpkgs"
      }
    }
  },
  "root": "root",
  "version": 7
}
